
Microsoft Visual Studio Solution File, Format Version 12.00
# Visual Studio 15
Project("{FAE04EC0-301F-11D3-BF4B-00C04F79EFBC}") = "Assembly-CSharp", "Assembly-CSharp.csproj", "{CDDE4EFE-3B9B-1535-4E60-957AF3516DE7}"
EndProject
Project("{FAE04EC0-301F-11D3-BF4B-00C04F79EFBC}") = "Assembly-CSharp-Editor", "Assembly-CSharp-Editor.csproj", "{04380673-CC4A-7567-92A1-BC6BE7E111EE}"
EndProject
Global
	GlobalSection(SolutionConfigurationPlatforms) = preSolution
		Debug|Any CPU = Debug|Any CPU
		Release|Any CPU = Release|Any CPU
	EndGlobalSection
	GlobalSection(ProjectConfigurationPlatforms) = postSolution
		{CDDE4EFE-3B9B-1535-4E60-957AF3516DE7}.Debug|Any CPU.ActiveCfg = Debug|Any CPU
		{CDDE4EFE-3B9B-1535-4E60-957AF3516DE7}.Debug|Any CPU.Build.0 = Debug|Any CPU
		{CDDE4EFE-3B9B-1535-4E60-957AF3516DE7}.Release|Any CPU.ActiveCfg = Release|Any CPU
		{CDDE4EFE-3B9B-1535-4E60-957AF3516DE7}.Release|Any CPU.Build.0 = Release|Any CPU
		{04380673-CC4A-7567-92A1-BC6BE7E111EE}.Debug|Any CPU.ActiveCfg = Debug|Any CPU
		{04380673-CC4A-7567-92A1-BC6BE7E111EE}.Debug|Any CPU.Build.0 = Debug|Any CPU
		{04380673-CC4A-7567-92A1-BC6BE7E111EE}.Release|Any CPU.ActiveCfg = Release|Any CPU
		{04380673-CC4A-7567-92A1-BC6BE7E111EE}.Release|Any CPU.Build.0 = Release|Any CPU
	EndGlobalSection
	GlobalSection(SolutionProperties) = preSolution
		HideSolutionNode = FALSE
	EndGlobalSection
	GlobalSection(MonoDevelopProperties) = preSolution
		StartupItem = Assembly-CSharp.csproj
	EndGlobalSection
EndGlobal
